<?xml version="1.0" encoding="UTF-8"?>
<Scheme
   LastUpgradeVersion = "1400"
   version = "1.3">
   <BuildAction
      parallelizeBuildables = "YES"
      buildImplicitDependencies = "YES">
      <BuildActionEntries>
         <BuildActionEntry
            buildForTesting = "YES"
            buildForRunning = "YES"
            buildForProfiling = "YES"
            buildForArchiving = "YES"
            buildForAnalyzing = "YES">
            <BuildableReference
               BuildableIdentifier = "primary"
               BlueprintIdentifier = "ED690B51286DC79500069215"
               BuildableName = "p44mbrd"
               BlueprintName = "p44mbrd"
               ReferencedContainer = "container:p44mbrd.xcodeproj">
            </BuildableReference>
         </BuildActionEntry>
      </BuildActionEntries>
   </BuildAction>
   <TestAction
      buildConfiguration = "Debug"
      selectedDebuggerIdentifier = "Xcode.DebuggerFoundation.Debugger.LLDB"
      selectedLauncherIdentifier = "Xcode.DebuggerFoundation.Launcher.LLDB"
      shouldUseLaunchSchemeArgsEnv = "YES">
      <Testables>
      </Testables>
   </TestAction>
   <LaunchAction
      buildConfiguration = "Debug"
      selectedDebuggerIdentifier = "Xcode.DebuggerFoundation.Debugger.LLDB"
      selectedLauncherIdentifier = "Xcode.DebuggerFoundation.Launcher.LLDB"
      launchStyle = "0"
      useCustomWorkingDirectory = "NO"
      ignoresPersistentStateOnLaunch = "NO"
      debugDocumentVersioning = "YES"
      debugServiceExtension = "internal"
      allowLocationSimulation = "YES">
      <BuildableProductRunnable
         runnableDebuggingMode = "0">
         <BuildableReference
            BuildableIdentifier = "primary"
            BlueprintIdentifier = "ED690B51286DC79500069215"
            BuildableName = "p44mbrd"
            BlueprintName = "p44mbrd"
            ReferencedContainer = "container:p44mbrd.xcodeproj">
         </BuildableReference>
      </BuildableProductRunnable>
      <CommandLineArguments>
         <CommandLineArgument
            argument = "--payloadversion 0 --vendor-id 0xFFF1 --product-id 0x8002 --setuppin 20202021 --discriminator 3840"
            isEnabled = "YES">
         </CommandLineArgument>
         <CommandLineArgument
            argument = "--KVS /tmp/p44bmr_for_chip_tool_kvs"
            isEnabled = "NO">
         </CommandLineArgument>
         <CommandLineArgument
            argument = "--trace_file /tmp/chip_trace"
            isEnabled = "NO">
         </CommandLineArgument>
         <CommandLineArgument
            argument = "--KVS /Users/luz/Documents/plan44/P44-xx/hacking+devdocs/p44mbr-mixwerk/p44mbr_xcode_mixwerk_kvs"
            isEnabled = "YES">
         </CommandLineArgument>
         <CommandLineArgument
            argument = "--KVS /Users/luz/Documents/plan44/P44-xx/hacking+devdocs/p44mbr-hardturm/p44mbr_xcode_hardturm_kvs"
            isEnabled = "NO">
         </CommandLineArgument>
         <CommandLineArgument
            argument = "--loglevel 6"
            isEnabled = "YES">
         </CommandLineArgument>
         <CommandLineArgument
            argument = "--loglevel 7"
            isEnabled = "NO">
         </CommandLineArgument>
         <CommandLineArgument
            argument = "--chiploglevel 3"
            isEnabled = "YES">
         </CommandLineArgument>
         <CommandLineArgument
            argument = "--trace_log --trace_decode"
            isEnabled = "YES">
         </CommandLineArgument>
         <CommandLineArgument
            argument = "--help"
            isEnabled = "NO">
         </CommandLineArgument>
      </CommandLineArguments>
   </LaunchAction>
   <ProfileAction
      buildConfiguration = "Release"
      shouldUseLaunchSchemeArgsEnv = "YES"
      savedToolIdentifier = ""
      useCustomWorkingDirectory = "NO"
      debugDocumentVersioning = "YES">
      <BuildableProductRunnable
         runnableDebuggingMode = "0">
         <BuildableReference
            BuildableIdentifier = "primary"
            BlueprintIdentifier = "ED690B51286DC79500069215"
            BuildableName = "p44mbrd"
            BlueprintName = "p44mbrd"
            ReferencedContainer = "container:p44mbrd.xcodeproj">
         </BuildableReference>
      </BuildableProductRunnable>
   </ProfileAction>
   <AnalyzeAction
      buildConfiguration = "Debug">
   </AnalyzeAction>
   <ArchiveAction
      buildConfiguration = "Release"
      revealArchiveInOrganizer = "YES">
   </ArchiveAction>
</Scheme>
